
Microsoft Visual Studio Solution File, Format Version 12.00
# Visual Studio Version 17
VisualStudioVersion = 17.13.35723.152
MinimumVisualStudioVersion = 10.0.40219.1
Project("{FAE04EC0-301F-11D3-BF4B-00C04F79EFBC}") = "AlloyCms12New", "AlloyCms12New\AlloyCms12New.csproj", "{4F58ADC3-4A75-3859-BF0F-918D772C7AD7}"
EndProject
Project("{FAE04EC0-301F-11D3-BF4B-00C04F79EFBC}") = "AspireApp1.AppHost", "AspireApp1\AspireApp1.AppHost\AspireApp1.AppHost.csproj", "{0D45F276-F75D-49ED-BDE1-AD5A6238A723}"
EndProject
Project("{FAE04EC0-301F-11D3-BF4B-00C04F79EFBC}") = "AspireApp1.ServiceDefaults", "AspireApp1\AspireApp1.ServiceDefaults\AspireApp1.ServiceDefaults.csproj", "{81F7DD47-27BD-4221-CDB4-D859BF698BFC}"
EndProject
Global
	GlobalSection(SolutionConfigurationPlatforms) = preSolution
		Debug|Any CPU = Debug|Any CPU
		Release|Any CPU = Release|Any CPU
	EndGlobalSection
	GlobalSection(ProjectConfigurationPlatforms) = postSolution
		{4F58ADC3-4A75-3859-BF0F-918D772C7AD7}.Debug|Any CPU.ActiveCfg = Debug|Any CPU
		{4F58ADC3-4A75-3859-BF0F-918D772C7AD7}.Debug|Any CPU.Build.0 = Debug|Any CPU
		{4F58ADC3-4A75-3859-BF0F-918D772C7AD7}.Release|Any CPU.ActiveCfg = Release|Any CPU
		{4F58ADC3-4A75-3859-BF0F-918D772C7AD7}.Release|Any CPU.Build.0 = Release|Any CPU
		{0D45F276-F75D-49ED-BDE1-AD5A6238A723}.Debug|Any CPU.ActiveCfg = Debug|Any CPU
		{0D45F276-F75D-49ED-BDE1-AD5A6238A723}.Debug|Any CPU.Build.0 = Debug|Any CPU
		{0D45F276-F75D-49ED-BDE1-AD5A6238A723}.Release|Any CPU.ActiveCfg = Release|Any CPU
		{0D45F276-F75D-49ED-BDE1-AD5A6238A723}.Release|Any CPU.Build.0 = Release|Any CPU
		{81F7DD47-27BD-4221-CDB4-D859BF698BFC}.Debug|Any CPU.ActiveCfg = Debug|Any CPU
		{81F7DD47-27BD-4221-CDB4-D859BF698BFC}.Debug|Any CPU.Build.0 = Debug|Any CPU
		{81F7DD47-27BD-4221-CDB4-D859BF698BFC}.Release|Any CPU.ActiveCfg = Release|Any CPU
		{81F7DD47-27BD-4221-CDB4-D859BF698BFC}.Release|Any CPU.Build.0 = Release|Any CPU
	EndGlobalSection
	GlobalSection(SolutionProperties) = preSolution
		HideSolutionNode = FALSE
	EndGlobalSection
	GlobalSection(ExtensibilityGlobals) = postSolution
		SolutionGuid = {53101421-24ED-4EF0-B68C-BEA016AC7712}
	EndGlobalSection
EndGlobal
